
Microsoft Visual Studio Solution File, Format Version 12.00
Project("{2150E333-8FDC-42A3-9474-1A3956D46DE8}") = "services", "services", "{EA05C4AE-2D7E-4F1F-B112-64FB021BB3B9}"
EndProject
Project("{2150E333-8FDC-42A3-9474-1A3956D46DE8}") = "web", "web", "{DB521FBE-9B99-4349-9736-6C3E6E418964}"
EndProject
Project("{2150E333-8FDC-42A3-9474-1A3956D46DE8}") = "core", "core", "{37EE71A5-6F98-42E7-B92F-3E2B65C67850}"
EndProject
Project("{2150E333-8FDC-42A3-9474-1A3956D46DE8}") = "message-queuing", "message-queuing", "{28709B36-C22C-4EB9-906F-19CDCC769338}"
EndProject
Project("{2150E333-8FDC-42A3-9474-1A3956D46DE8}") = "mail", "mail", "{6DD9DA97-AAFF-46D4-9313-367998B98CF9}"
EndProject
Project("{2150E333-8FDC-42A3-9474-1A3956D46DE8}") = "community", "community", "{755C13DD-F19B-450A-BC2D-5C195545DCE8}"
EndProject
Project("{2150E333-8FDC-42A3-9474-1A3956D46DE8}") = "authentication", "authentication", "{2672341A-1DFD-4FDF-8D36-BFF07177C7DB}"
EndProject
Project("{2150E333-8FDC-42A3-9474-1A3956D46DE8}") = "forum", "forum", "{74044CFF-FF4E-4604-AB39-018D19914357}"
EndProject
Project("{2150E333-8FDC-42A3-9474-1A3956D46DE8}") = "search", "search", "{C07E65EC-095D-40E8-A029-8702F601DCAC}"
EndProject
Project("{2150E333-8FDC-42A3-9474-1A3956D46DE8}") = "common", "common", "{07B7561F-5EB2-4573-8D15-866F3CFD0468}"
EndProject
Project("{2150E333-8FDC-42A3-9474-1A3956D46DE8}") = "notifications", "notifications", "{78A85DB2-A835-4301-9D9A-476A5FDB146B}"
EndProject
Project("{2150E333-8FDC-42A3-9474-1A3956D46DE8}") = "gaming", "gaming", "{152855A4-4364-48C3-AB0A-D6822D6A8F3D}"
EndProject
Project("{2150E333-8FDC-42A3-9474-1A3956D46DE8}") = "solution-items", "solution-items", "{60E4E464-934E-42F0-8137-3F2BA8E3063B}"
ProjectSection(SolutionItems) = preProject
	Directory.Build.props = Directory.Build.props
	.gitignore = .gitignore
	Directory.Packages.props = Directory.Packages.props
	test\Directory.Packages.props = test\Directory.Packages.props
EndProjectSection
EndProject
Project("{2150E333-8FDC-42A3-9474-1A3956D46DE8}") = "docker", "docker", "{AB8A13B8-6C50-4765-983A-63F1D78A777E}"
	ProjectSection(SolutionItems) = preProject
		docker\docker-compose.yml = docker\docker-compose.yml
		docker\app.Dockerfile = docker\app.Dockerfile
		docker\app.Dockerfile.dockerignore = docker\app.Dockerfile.dockerignore
	EndProjectSection
EndProject
Project("{FAE04EC0-301F-11D3-BF4B-00C04F79EFBC}") = "DM.Services.Authentication", "src\DM.Services.Authentication\DM.Services.Authentication.csproj", "{AEF15B22-C91C-4786-A600-3234E80647A4}"
EndProject
Project("{FAE04EC0-301F-11D3-BF4B-00C04F79EFBC}") = "DM.Services.Authentication.Tests", "test\DM.Services.Authentication.Tests\DM.Services.Authentication.Tests.csproj", "{0CB38E74-9069-4DB3-9207-1C3C93653B63}"
EndProject
Project("{FAE04EC0-301F-11D3-BF4B-00C04F79EFBC}") = "DM.Services.Common", "src\DM.Services.Common\DM.Services.Common.csproj", "{289468C7-FA74-41C9-878F-48C00A043D6B}"
EndProject
Project("{FAE04EC0-301F-11D3-BF4B-00C04F79EFBC}") = "DM.Services.Uploading", "src\DM.Services.Uploading\DM.Services.Uploading.csproj", "{B732B5C0-5B86-4C07-AB2C-7C8D4AED6422}"
EndProject
Project("{FAE04EC0-301F-11D3-BF4B-00C04F79EFBC}") = "DM.Services.Common.Tests", "test\DM.Services.Common.Tests\DM.Services.Common.Tests.csproj", "{E5EAE09A-6034-4E90-866C-D8CBACF7225E}"
EndProject
Project("{FAE04EC0-301F-11D3-BF4B-00C04F79EFBC}") = "DM.Services.Community", "src\DM.Services.Community\DM.Services.Community.csproj", "{0D3B4A22-BE1B-4C97-AD11-AA333244E99D}"
EndProject
Project("{FAE04EC0-301F-11D3-BF4B-00C04F79EFBC}") = "DM.Services.Community.Tests", "test\DM.Services.Community.Tests\DM.Services.Community.Tests.csproj", "{9CAA064E-96D9-48EC-B344-124DF61727A4}"
EndProject
Project("{FAE04EC0-301F-11D3-BF4B-00C04F79EFBC}") = "DM.Services.Forum", "src\DM.Services.Forum\DM.Services.Forum.csproj", "{0436F5F9-4AAF-43E7-A664-3B129E71540E}"
EndProject
Project("{FAE04EC0-301F-11D3-BF4B-00C04F79EFBC}") = "DM.Services.Forum.Tests", "test\DM.Services.Forum.Tests\DM.Services.Forum.Tests.csproj", "{BB9F3C58-D130-42B6-89FD-6EC4F894D031}"
EndProject
Project("{FAE04EC0-301F-11D3-BF4B-00C04F79EFBC}") = "DM.Services.Gaming", "src\DM.Services.Gaming\DM.Services.Gaming.csproj", "{7F4924CC-2912-49E2-BB24-77736E083A62}"
EndProject
Project("{FAE04EC0-301F-11D3-BF4B-00C04F79EFBC}") = "DM.Services.Gaming.Tests", "test\DM.Services.Gaming.Tests\DM.Services.Gaming.Tests.csproj", "{3CE806ED-3142-4D48-B26D-2673BC7304FB}"
EndProject
Project("{FAE04EC0-301F-11D3-BF4B-00C04F79EFBC}") = "DM.Services.Notifications", "src\DM.Services.Notifications\DM.Services.Notifications.csproj", "{5521D994-76DD-4A35-A15A-0EAB1109F578}"
EndProject
Project("{FAE04EC0-301F-11D3-BF4B-00C04F79EFBC}") = "DM.Services.Notifications.Consumer", "src\DM.Services.Notifications.Consumer\DM.Services.Notifications.Consumer.csproj", "{73920EE3-D417-4941-8672-F504B9C9BC73}"
EndProject
Project("{FAE04EC0-301F-11D3-BF4B-00C04F79EFBC}") = "DM.Services.Search", "src\DM.Services.Search\DM.Services.Search.csproj", "{5EC8CC87-7310-409A-B327-3DF609BA55A4}"
EndProject
Project("{FAE04EC0-301F-11D3-BF4B-00C04F79EFBC}") = "DM.Services.Search.Consumer", "src\DM.Services.Search.Consumer\DM.Services.Search.Consumer.csproj", "{6D5D1596-3808-4FC2-B2BB-70AFB4C1E920}"
EndProject
Project("{FAE04EC0-301F-11D3-BF4B-00C04F79EFBC}") = "DM.Services.Mail.Rendering", "src\DM.Services.Mail.Rendering\DM.Services.Mail.Rendering.csproj", "{DFA7E70E-BE16-4D2B-98C1-3FF36918F734}"
EndProject
Project("{FAE04EC0-301F-11D3-BF4B-00C04F79EFBC}") = "DM.Services.Mail.Sender", "src\DM.Services.Mail.Sender\DM.Services.Mail.Sender.csproj", "{812E8452-0FD5-489A-B8CE-0A3405430202}"
EndProject
Project("{FAE04EC0-301F-11D3-BF4B-00C04F79EFBC}") = "DM.Services.Mail.Sender.Consumer", "src\DM.Services.Mail.Sender.Consumer\DM.Services.Mail.Sender.Consumer.csproj", "{234307DD-3775-4260-AA0A-5096783E1AA3}"
EndProject
Project("{FAE04EC0-301F-11D3-BF4B-00C04F79EFBC}") = "DM.Services.MessageQueuing", "src\DM.Services.MessageQueuing\DM.Services.MessageQueuing.csproj", "{A6665202-CFAB-4DD9-A66E-DFF1359C0811}"
EndProject
Project("{FAE04EC0-301F-11D3-BF4B-00C04F79EFBC}") = "DM.Services.MessageQueuing.Tests", "test\DM.Services.MessageQueuing.Tests\DM.Services.MessageQueuing.Tests.csproj", "{2E15050E-53CD-40F4-B6B5-95FFACED4ADF}"
EndProject
Project("{FAE04EC0-301F-11D3-BF4B-00C04F79EFBC}") = "DM.Services.Core", "src\DM.Services.Core\DM.Services.Core.csproj", "{47495100-D2E4-4A32-88A7-78522B76FD67}"
EndProject
Project("{FAE04EC0-301F-11D3-BF4B-00C04F79EFBC}") = "DM.Services.DataAccess", "src\DM.Services.DataAccess\DM.Services.DataAccess.csproj", "{4C562345-005E-4022-9676-0B745A966E88}"
EndProject
Project("{FAE04EC0-301F-11D3-BF4B-00C04F79EFBC}") = "DM.Services.Core.Tests", "test\DM.Services.Core.Tests\DM.Services.Core.Tests.csproj", "{A0D7BD73-6F03-457C-8A36-3D7E8DB8A8E8}"
EndProject
Project("{FAE04EC0-301F-11D3-BF4B-00C04F79EFBC}") = "DM.Web.Core", "src\DM.Web.Core\DM.Web.Core.csproj", "{49751D23-13B4-421C-9863-C4F7CDFFD5B8}"
EndProject
Project("{FAE04EC0-301F-11D3-BF4B-00C04F79EFBC}") = "DM.Web.API", "src\DM.Web.API\DM.Web.API.csproj", "{456E0B6D-8774-443B-B395-D8B6F16EF71C}"
EndProject
Project("{FAE04EC0-301F-11D3-BF4B-00C04F79EFBC}") = "DM.Tests.Core", "test\DM.Tests.Core\DM.Tests.Core.csproj", "{550DC966-8960-4F98-BA6B-BEDBA73BB431}"
EndProject
Project("{2150E333-8FDC-42A3-9474-1A3956D46DE8}") = "github-actions", "github-actions", "{EAA9F9E3-2684-4C5C-BC70-403F8CE1C4A1}"
	ProjectSection(SolutionItems) = preProject
		.github\workflows\dotnet.yml = .github\workflows\dotnet.yml
	EndProjectSection
EndProject
Global
	GlobalSection(SolutionConfigurationPlatforms) = preSolution
		Debug|Any CPU = Debug|Any CPU
		Release|Any CPU = Release|Any CPU
	EndGlobalSection
	GlobalSection(ProjectConfigurationPlatforms) = postSolution
		{AEF15B22-C91C-4786-A600-3234E80647A4}.Debug|Any CPU.ActiveCfg = Debug|Any CPU
		{AEF15B22-C91C-4786-A600-3234E80647A4}.Debug|Any CPU.Build.0 = Debug|Any CPU
		{AEF15B22-C91C-4786-A600-3234E80647A4}.Release|Any CPU.ActiveCfg = Release|Any CPU
		{AEF15B22-C91C-4786-A600-3234E80647A4}.Release|Any CPU.Build.0 = Release|Any CPU
		{0CB38E74-9069-4DB3-9207-1C3C93653B63}.Debug|Any CPU.ActiveCfg = Debug|Any CPU
		{0CB38E74-9069-4DB3-9207-1C3C93653B63}.Debug|Any CPU.Build.0 = Debug|Any CPU
		{0CB38E74-9069-4DB3-9207-1C3C93653B63}.Release|Any CPU.ActiveCfg = Release|Any CPU
		{0CB38E74-9069-4DB3-9207-1C3C93653B63}.Release|Any CPU.Build.0 = Release|Any CPU
		{289468C7-FA74-41C9-878F-48C00A043D6B}.Debug|Any CPU.ActiveCfg = Debug|Any CPU
		{289468C7-FA74-41C9-878F-48C00A043D6B}.Debug|Any CPU.Build.0 = Debug|Any CPU
		{289468C7-FA74-41C9-878F-48C00A043D6B}.Release|Any CPU.ActiveCfg = Release|Any CPU
		{289468C7-FA74-41C9-878F-48C00A043D6B}.Release|Any CPU.Build.0 = Release|Any CPU
		{B732B5C0-5B86-4C07-AB2C-7C8D4AED6422}.Debug|Any CPU.ActiveCfg = Debug|Any CPU
		{B732B5C0-5B86-4C07-AB2C-7C8D4AED6422}.Debug|Any CPU.Build.0 = Debug|Any CPU
		{B732B5C0-5B86-4C07-AB2C-7C8D4AED6422}.Release|Any CPU.ActiveCfg = Release|Any CPU
		{B732B5C0-5B86-4C07-AB2C-7C8D4AED6422}.Release|Any CPU.Build.0 = Release|Any CPU
		{E5EAE09A-6034-4E90-866C-D8CBACF7225E}.Debug|Any CPU.ActiveCfg = Debug|Any CPU
		{E5EAE09A-6034-4E90-866C-D8CBACF7225E}.Debug|Any CPU.Build.0 = Debug|Any CPU
		{E5EAE09A-6034-4E90-866C-D8CBACF7225E}.Release|Any CPU.ActiveCfg = Release|Any CPU
		{E5EAE09A-6034-4E90-866C-D8CBACF7225E}.Release|Any CPU.Build.0 = Release|Any CPU
		{0D3B4A22-BE1B-4C97-AD11-AA333244E99D}.Debug|Any CPU.ActiveCfg = Debug|Any CPU
		{0D3B4A22-BE1B-4C97-AD11-AA333244E99D}.Debug|Any CPU.Build.0 = Debug|Any CPU
		{0D3B4A22-BE1B-4C97-AD11-AA333244E99D}.Release|Any CPU.ActiveCfg = Release|Any CPU
		{0D3B4A22-BE1B-4C97-AD11-AA333244E99D}.Release|Any CPU.Build.0 = Release|Any CPU
		{9CAA064E-96D9-48EC-B344-124DF61727A4}.Debug|Any CPU.ActiveCfg = Debug|Any CPU
		{9CAA064E-96D9-48EC-B344-124DF61727A4}.Debug|Any CPU.Build.0 = Debug|Any CPU
		{9CAA064E-96D9-48EC-B344-124DF61727A4}.Release|Any CPU.ActiveCfg = Release|Any CPU
		{9CAA064E-96D9-48EC-B344-124DF61727A4}.Release|Any CPU.Build.0 = Release|Any CPU
		{0436F5F9-4AAF-43E7-A664-3B129E71540E}.Debug|Any CPU.ActiveCfg = Debug|Any CPU
		{0436F5F9-4AAF-43E7-A664-3B129E71540E}.Debug|Any CPU.Build.0 = Debug|Any CPU
		{0436F5F9-4AAF-43E7-A664-3B129E71540E}.Release|Any CPU.ActiveCfg = Release|Any CPU
		{0436F5F9-4AAF-43E7-A664-3B129E71540E}.Release|Any CPU.Build.0 = Release|Any CPU
		{BB9F3C58-D130-42B6-89FD-6EC4F894D031}.Debug|Any CPU.ActiveCfg = Debug|Any CPU
		{BB9F3C58-D130-42B6-89FD-6EC4F894D031}.Debug|Any CPU.Build.0 = Debug|Any CPU
		{BB9F3C58-D130-42B6-89FD-6EC4F894D031}.Release|Any CPU.ActiveCfg = Release|Any CPU
		{BB9F3C58-D130-42B6-89FD-6EC4F894D031}.Release|Any CPU.Build.0 = Release|Any CPU
		{7F4924CC-2912-49E2-BB24-77736E083A62}.Debug|Any CPU.ActiveCfg = Debug|Any CPU
		{7F4924CC-2912-49E2-BB24-77736E083A62}.Debug|Any CPU.Build.0 = Debug|Any CPU
		{7F4924CC-2912-49E2-BB24-77736E083A62}.Release|Any CPU.ActiveCfg = Release|Any CPU
		{7F4924CC-2912-49E2-BB24-77736E083A62}.Release|Any CPU.Build.0 = Release|Any CPU
		{3CE806ED-3142-4D48-B26D-2673BC7304FB}.Debug|Any CPU.ActiveCfg = Debug|Any CPU
		{3CE806ED-3142-4D48-B26D-2673BC7304FB}.Debug|Any CPU.Build.0 = Debug|Any CPU
		{3CE806ED-3142-4D48-B26D-2673BC7304FB}.Release|Any CPU.ActiveCfg = Release|Any CPU
		{3CE806ED-3142-4D48-B26D-2673BC7304FB}.Release|Any CPU.Build.0 = Release|Any CPU
		{5521D994-76DD-4A35-A15A-0EAB1109F578}.Debug|Any CPU.ActiveCfg = Debug|Any CPU
		{5521D994-76DD-4A35-A15A-0EAB1109F578}.Debug|Any CPU.Build.0 = Debug|Any CPU
		{5521D994-76DD-4A35-A15A-0EAB1109F578}.Release|Any CPU.ActiveCfg = Release|Any CPU
		{5521D994-76DD-4A35-A15A-0EAB1109F578}.Release|Any CPU.Build.0 = Release|Any CPU
		{73920EE3-D417-4941-8672-F504B9C9BC73}.Debug|Any CPU.ActiveCfg = Debug|Any CPU
		{73920EE3-D417-4941-8672-F504B9C9BC73}.Debug|Any CPU.Build.0 = Debug|Any CPU
		{73920EE3-D417-4941-8672-F504B9C9BC73}.Release|Any CPU.ActiveCfg = Release|Any CPU
		{73920EE3-D417-4941-8672-F504B9C9BC73}.Release|Any CPU.Build.0 = Release|Any CPU
		{5EC8CC87-7310-409A-B327-3DF609BA55A4}.Debug|Any CPU.ActiveCfg = Debug|Any CPU
		{5EC8CC87-7310-409A-B327-3DF609BA55A4}.Debug|Any CPU.Build.0 = Debug|Any CPU
		{5EC8CC87-7310-409A-B327-3DF609BA55A4}.Release|Any CPU.ActiveCfg = Release|Any CPU
		{5EC8CC87-7310-409A-B327-3DF609BA55A4}.Release|Any CPU.Build.0 = Release|Any CPU
		{6D5D1596-3808-4FC2-B2BB-70AFB4C1E920}.Debug|Any CPU.ActiveCfg = Debug|Any CPU
		{6D5D1596-3808-4FC2-B2BB-70AFB4C1E920}.Debug|Any CPU.Build.0 = Debug|Any CPU
		{6D5D1596-3808-4FC2-B2BB-70AFB4C1E920}.Release|Any CPU.ActiveCfg = Release|Any CPU
		{6D5D1596-3808-4FC2-B2BB-70AFB4C1E920}.Release|Any CPU.Build.0 = Release|Any CPU
		{DFA7E70E-BE16-4D2B-98C1-3FF36918F734}.Debug|Any CPU.ActiveCfg = Debug|Any CPU
		{DFA7E70E-BE16-4D2B-98C1-3FF36918F734}.Debug|Any CPU.Build.0 = Debug|Any CPU
		{DFA7E70E-BE16-4D2B-98C1-3FF36918F734}.Release|Any CPU.ActiveCfg = Release|Any CPU
		{DFA7E70E-BE16-4D2B-98C1-3FF36918F734}.Release|Any CPU.Build.0 = Release|Any CPU
		{812E8452-0FD5-489A-B8CE-0A3405430202}.Debug|Any CPU.ActiveCfg = Debug|Any CPU
		{812E8452-0FD5-489A-B8CE-0A3405430202}.Debug|Any CPU.Build.0 = Debug|Any CPU
		{812E8452-0FD5-489A-B8CE-0A3405430202}.Release|Any CPU.ActiveCfg = Release|Any CPU
		{812E8452-0FD5-489A-B8CE-0A3405430202}.Release|Any CPU.Build.0 = Release|Any CPU
		{234307DD-3775-4260-AA0A-5096783E1AA3}.Debug|Any CPU.ActiveCfg = Debug|Any CPU
		{234307DD-3775-4260-AA0A-5096783E1AA3}.Debug|Any CPU.Build.0 = Debug|Any CPU
		{234307DD-3775-4260-AA0A-5096783E1AA3}.Release|Any CPU.ActiveCfg = Release|Any CPU
		{234307DD-3775-4260-AA0A-5096783E1AA3}.Release|Any CPU.Build.0 = Release|Any CPU
		{A6665202-CFAB-4DD9-A66E-DFF1359C0811}.Debug|Any CPU.ActiveCfg = Debug|Any CPU
		{A6665202-CFAB-4DD9-A66E-DFF1359C0811}.Debug|Any CPU.Build.0 = Debug|Any CPU
		{A6665202-CFAB-4DD9-A66E-DFF1359C0811}.Release|Any CPU.ActiveCfg = Release|Any CPU
		{A6665202-CFAB-4DD9-A66E-DFF1359C0811}.Release|Any CPU.Build.0 = Release|Any CPU
		{2E15050E-53CD-40F4-B6B5-95FFACED4ADF}.Debug|Any CPU.ActiveCfg = Debug|Any CPU
		{2E15050E-53CD-40F4-B6B5-95FFACED4ADF}.Debug|Any CPU.Build.0 = Debug|Any CPU
		{2E15050E-53CD-40F4-B6B5-95FFACED4ADF}.Release|Any CPU.ActiveCfg = Release|Any CPU
		{2E15050E-53CD-40F4-B6B5-95FFACED4ADF}.Release|Any CPU.Build.0 = Release|Any CPU
		{47495100-D2E4-4A32-88A7-78522B76FD67}.Debug|Any CPU.ActiveCfg = Debug|Any CPU
		{47495100-D2E4-4A32-88A7-78522B76FD67}.Debug|Any CPU.Build.0 = Debug|Any CPU
		{47495100-D2E4-4A32-88A7-78522B76FD67}.Release|Any CPU.ActiveCfg = Release|Any CPU
		{47495100-D2E4-4A32-88A7-78522B76FD67}.Release|Any CPU.Build.0 = Release|Any CPU
		{4C562345-005E-4022-9676-0B745A966E88}.Debug|Any CPU.ActiveCfg = Debug|Any CPU
		{4C562345-005E-4022-9676-0B745A966E88}.Debug|Any CPU.Build.0 = Debug|Any CPU
		{4C562345-005E-4022-9676-0B745A966E88}.Release|Any CPU.ActiveCfg = Release|Any CPU
		{4C562345-005E-4022-9676-0B745A966E88}.Release|Any CPU.Build.0 = Release|Any CPU
		{A0D7BD73-6F03-457C-8A36-3D7E8DB8A8E8}.Debug|Any CPU.ActiveCfg = Debug|Any CPU
		{A0D7BD73-6F03-457C-8A36-3D7E8DB8A8E8}.Debug|Any CPU.Build.0 = Debug|Any CPU
		{A0D7BD73-6F03-457C-8A36-3D7E8DB8A8E8}.Release|Any CPU.ActiveCfg = Release|Any CPU
		{A0D7BD73-6F03-457C-8A36-3D7E8DB8A8E8}.Release|Any CPU.Build.0 = Release|Any CPU
		{49751D23-13B4-421C-9863-C4F7CDFFD5B8}.Debug|Any CPU.ActiveCfg = Debug|Any CPU
		{49751D23-13B4-421C-9863-C4F7CDFFD5B8}.Debug|Any CPU.Build.0 = Debug|Any CPU
		{49751D23-13B4-421C-9863-C4F7CDFFD5B8}.Release|Any CPU.ActiveCfg = Release|Any CPU
		{49751D23-13B4-421C-9863-C4F7CDFFD5B8}.Release|Any CPU.Build.0 = Release|Any CPU
		{456E0B6D-8774-443B-B395-D8B6F16EF71C}.Debug|Any CPU.ActiveCfg = Debug|Any CPU
		{456E0B6D-8774-443B-B395-D8B6F16EF71C}.Debug|Any CPU.Build.0 = Debug|Any CPU
		{456E0B6D-8774-443B-B395-D8B6F16EF71C}.Release|Any CPU.ActiveCfg = Release|Any CPU
		{456E0B6D-8774-443B-B395-D8B6F16EF71C}.Release|Any CPU.Build.0 = Release|Any CPU
		{550DC966-8960-4F98-BA6B-BEDBA73BB431}.Debug|Any CPU.ActiveCfg = Debug|Any CPU
		{550DC966-8960-4F98-BA6B-BEDBA73BB431}.Debug|Any CPU.Build.0 = Debug|Any CPU
		{550DC966-8960-4F98-BA6B-BEDBA73BB431}.Release|Any CPU.ActiveCfg = Release|Any CPU
		{550DC966-8960-4F98-BA6B-BEDBA73BB431}.Release|Any CPU.Build.0 = Release|Any CPU
	EndGlobalSection
	GlobalSection(NestedProjects) = preSolution
		{37EE71A5-6F98-42E7-B92F-3E2B65C67850} = {EA05C4AE-2D7E-4F1F-B112-64FB021BB3B9}
		{28709B36-C22C-4EB9-906F-19CDCC769338} = {37EE71A5-6F98-42E7-B92F-3E2B65C67850}
		{6DD9DA97-AAFF-46D4-9313-367998B98CF9} = {37EE71A5-6F98-42E7-B92F-3E2B65C67850}
		{755C13DD-F19B-450A-BC2D-5C195545DCE8} = {EA05C4AE-2D7E-4F1F-B112-64FB021BB3B9}
		{2672341A-1DFD-4FDF-8D36-BFF07177C7DB} = {EA05C4AE-2D7E-4F1F-B112-64FB021BB3B9}
		{74044CFF-FF4E-4604-AB39-018D19914357} = {EA05C4AE-2D7E-4F1F-B112-64FB021BB3B9}
		{C07E65EC-095D-40E8-A029-8702F601DCAC} = {EA05C4AE-2D7E-4F1F-B112-64FB021BB3B9}
		{07B7561F-5EB2-4573-8D15-866F3CFD0468} = {EA05C4AE-2D7E-4F1F-B112-64FB021BB3B9}
		{78A85DB2-A835-4301-9D9A-476A5FDB146B} = {EA05C4AE-2D7E-4F1F-B112-64FB021BB3B9}
		{152855A4-4364-48C3-AB0A-D6822D6A8F3D} = {EA05C4AE-2D7E-4F1F-B112-64FB021BB3B9}
		{AB8A13B8-6C50-4765-983A-63F1D78A777E} = {60E4E464-934E-42F0-8137-3F2BA8E3063B}
		{AEF15B22-C91C-4786-A600-3234E80647A4} = {2672341A-1DFD-4FDF-8D36-BFF07177C7DB}
		{0CB38E74-9069-4DB3-9207-1C3C93653B63} = {2672341A-1DFD-4FDF-8D36-BFF07177C7DB}
		{289468C7-FA74-41C9-878F-48C00A043D6B} = {07B7561F-5EB2-4573-8D15-866F3CFD0468}
		{B732B5C0-5B86-4C07-AB2C-7C8D4AED6422} = {07B7561F-5EB2-4573-8D15-866F3CFD0468}
		{E5EAE09A-6034-4E90-866C-D8CBACF7225E} = {07B7561F-5EB2-4573-8D15-866F3CFD0468}
		{0D3B4A22-BE1B-4C97-AD11-AA333244E99D} = {755C13DD-F19B-450A-BC2D-5C195545DCE8}
		{9CAA064E-96D9-48EC-B344-124DF61727A4} = {755C13DD-F19B-450A-BC2D-5C195545DCE8}
		{0436F5F9-4AAF-43E7-A664-3B129E71540E} = {74044CFF-FF4E-4604-AB39-018D19914357}
		{BB9F3C58-D130-42B6-89FD-6EC4F894D031} = {74044CFF-FF4E-4604-AB39-018D19914357}
		{7F4924CC-2912-49E2-BB24-77736E083A62} = {152855A4-4364-48C3-AB0A-D6822D6A8F3D}
		{3CE806ED-3142-4D48-B26D-2673BC7304FB} = {152855A4-4364-48C3-AB0A-D6822D6A8F3D}
		{5521D994-76DD-4A35-A15A-0EAB1109F578} = {78A85DB2-A835-4301-9D9A-476A5FDB146B}
		{73920EE3-D417-4941-8672-F504B9C9BC73} = {78A85DB2-A835-4301-9D9A-476A5FDB146B}
		{5EC8CC87-7310-409A-B327-3DF609BA55A4} = {C07E65EC-095D-40E8-A029-8702F601DCAC}
		{6D5D1596-3808-4FC2-B2BB-70AFB4C1E920} = {C07E65EC-095D-40E8-A029-8702F601DCAC}
		{DFA7E70E-BE16-4D2B-98C1-3FF36918F734} = {6DD9DA97-AAFF-46D4-9313-367998B98CF9}
		{812E8452-0FD5-489A-B8CE-0A3405430202} = {6DD9DA97-AAFF-46D4-9313-367998B98CF9}
		{234307DD-3775-4260-AA0A-5096783E1AA3} = {6DD9DA97-AAFF-46D4-9313-367998B98CF9}
		{A6665202-CFAB-4DD9-A66E-DFF1359C0811} = {28709B36-C22C-4EB9-906F-19CDCC769338}
		{2E15050E-53CD-40F4-B6B5-95FFACED4ADF} = {28709B36-C22C-4EB9-906F-19CDCC769338}
		{47495100-D2E4-4A32-88A7-78522B76FD67} = {37EE71A5-6F98-42E7-B92F-3E2B65C67850}
		{4C562345-005E-4022-9676-0B745A966E88} = {37EE71A5-6F98-42E7-B92F-3E2B65C67850}
		{A0D7BD73-6F03-457C-8A36-3D7E8DB8A8E8} = {37EE71A5-6F98-42E7-B92F-3E2B65C67850}
		{49751D23-13B4-421C-9863-C4F7CDFFD5B8} = {DB521FBE-9B99-4349-9736-6C3E6E418964}
		{456E0B6D-8774-443B-B395-D8B6F16EF71C} = {DB521FBE-9B99-4349-9736-6C3E6E418964}
		{550DC966-8960-4F98-BA6B-BEDBA73BB431} = {37EE71A5-6F98-42E7-B92F-3E2B65C67850}
		{EAA9F9E3-2684-4C5C-BC70-403F8CE1C4A1} = {60E4E464-934E-42F0-8137-3F2BA8E3063B}
	EndGlobalSection
EndGlobal
