
Microsoft Visual Studio Solution File, Format Version 12.00
Project("{FAE04EC0-301F-11D3-BF4B-00C04F79EFBC}") = "DM.Services.DataAccess", "Services\DM.Services.DataAccess\DM.Services.DataAccess.csproj", "{9017D449-62AD-4E12-93CD-537BC56019E2}"
EndProject
Project("{2150E333-8FDC-42A3-9474-1A3956D46DE8}") = "Services", "Services", "{EA05C4AE-2D7E-4F1F-B112-64FB021BB3B9}"
EndProject
Project("{2150E333-8FDC-42A3-9474-1A3956D46DE8}") = "Web", "Web", "{DB521FBE-9B99-4349-9736-6C3E6E418964}"
EndProject
Project("{FAE04EC0-301F-11D3-BF4B-00C04F79EFBC}") = "DM.Web.Core", "Web\DM.Web.Core\DM.Web.Core.csproj", "{DA094429-3BE0-4924-9B65-00ABC1627395}"
EndProject
Project("{FAE04EC0-301F-11D3-BF4B-00C04F79EFBC}") = "DM.Services.Core", "Services\DM.Services.Core\DM.Services.Core.csproj", "{B5194EC4-684C-42CC-B59A-EFDE404EAE8C}"
EndProject
Project("{FAE04EC0-301F-11D3-BF4B-00C04F79EFBC}") = "DM.Services.Common", "Services\DM.Services.Common\DM.Services.Common.csproj", "{D5E21893-9DC1-4F41-B752-EEF901EE3FEA}"
EndProject
Project("{FAE04EC0-301F-11D3-BF4B-00C04F79EFBC}") = "DM.Services.Authentication", "Services\DM.Services.Authentication\DM.Services.Authentication.csproj", "{6F5649B7-D7FB-4BF1-88E3-6759895A3A09}"
EndProject
Project("{FAE04EC0-301F-11D3-BF4B-00C04F79EFBC}") = "DM.Services.Forum", "Services\DM.Services.Forum\DM.Services.Forum.csproj", "{B1681BAD-9720-49C8-AA6F-DD9AADC0E143}"
EndProject
Project("{2150E333-8FDC-42A3-9474-1A3956D46DE8}") = "Core", "Core", "{37EE71A5-6F98-42E7-B92F-3E2B65C67850}"
EndProject
Project("{FAE04EC0-301F-11D3-BF4B-00C04F79EFBC}") = "DM.Web.API", "Web\DM.Web.API\DM.Web.API.csproj", "{711CF2B9-8549-4CFE-9FAB-7AD773BBAAA9}"
EndProject
Project("{FAE04EC0-301F-11D3-BF4B-00C04F79EFBC}") = "DM.Services.Community", "Services\DM.Services.Community\DM.Services.Community.csproj", "{8F8450CD-2BD0-4E06-A656-F328E84B57A0}"
EndProject
Project("{2150E333-8FDC-42A3-9474-1A3956D46DE8}") = "Tests", "Tests", "{0711BC73-F5AF-4D26-891B-4ADB0176AA6D}"
EndProject
Project("{FAE04EC0-301F-11D3-BF4B-00C04F79EFBC}") = "DM.Tests.Core", "Tests\DM.Tests.Core\DM.Tests.Core.csproj", "{8C8469FB-58FA-4345-B88E-C52367291492}"
EndProject
Project("{FAE04EC0-301F-11D3-BF4B-00C04F79EFBC}") = "DM.Services.Authentication.Tests", "Services\DM.Services.Authentication.Tests\DM.Services.Authentication.Tests.csproj", "{0C512098-9833-45F4-9DAE-7C86055ABD0B}"
EndProject
Project("{FAE04EC0-301F-11D3-BF4B-00C04F79EFBC}") = "DM.Services.Core.Tests", "Services\DM.Services.Core.Tests\DM.Services.Core.Tests.csproj", "{5D60AD79-6266-4800-AB7F-FC5FEDC076F8}"
EndProject
Global
	GlobalSection(SolutionConfigurationPlatforms) = preSolution
		Debug|Any CPU = Debug|Any CPU
		Release|Any CPU = Release|Any CPU
	EndGlobalSection
	GlobalSection(ProjectConfigurationPlatforms) = postSolution
		{9017D449-62AD-4E12-93CD-537BC56019E2}.Debug|Any CPU.ActiveCfg = Debug|Any CPU
		{9017D449-62AD-4E12-93CD-537BC56019E2}.Debug|Any CPU.Build.0 = Debug|Any CPU
		{9017D449-62AD-4E12-93CD-537BC56019E2}.Release|Any CPU.ActiveCfg = Release|Any CPU
		{9017D449-62AD-4E12-93CD-537BC56019E2}.Release|Any CPU.Build.0 = Release|Any CPU
		{DA094429-3BE0-4924-9B65-00ABC1627395}.Debug|Any CPU.ActiveCfg = Debug|Any CPU
		{DA094429-3BE0-4924-9B65-00ABC1627395}.Debug|Any CPU.Build.0 = Debug|Any CPU
		{DA094429-3BE0-4924-9B65-00ABC1627395}.Release|Any CPU.ActiveCfg = Release|Any CPU
		{DA094429-3BE0-4924-9B65-00ABC1627395}.Release|Any CPU.Build.0 = Release|Any CPU
		{B5194EC4-684C-42CC-B59A-EFDE404EAE8C}.Debug|Any CPU.ActiveCfg = Debug|Any CPU
		{B5194EC4-684C-42CC-B59A-EFDE404EAE8C}.Debug|Any CPU.Build.0 = Debug|Any CPU
		{B5194EC4-684C-42CC-B59A-EFDE404EAE8C}.Release|Any CPU.ActiveCfg = Release|Any CPU
		{B5194EC4-684C-42CC-B59A-EFDE404EAE8C}.Release|Any CPU.Build.0 = Release|Any CPU
		{D5E21893-9DC1-4F41-B752-EEF901EE3FEA}.Debug|Any CPU.ActiveCfg = Debug|Any CPU
		{D5E21893-9DC1-4F41-B752-EEF901EE3FEA}.Debug|Any CPU.Build.0 = Debug|Any CPU
		{D5E21893-9DC1-4F41-B752-EEF901EE3FEA}.Release|Any CPU.ActiveCfg = Release|Any CPU
		{D5E21893-9DC1-4F41-B752-EEF901EE3FEA}.Release|Any CPU.Build.0 = Release|Any CPU
		{6F5649B7-D7FB-4BF1-88E3-6759895A3A09}.Debug|Any CPU.ActiveCfg = Debug|Any CPU
		{6F5649B7-D7FB-4BF1-88E3-6759895A3A09}.Debug|Any CPU.Build.0 = Debug|Any CPU
		{6F5649B7-D7FB-4BF1-88E3-6759895A3A09}.Release|Any CPU.ActiveCfg = Release|Any CPU
		{6F5649B7-D7FB-4BF1-88E3-6759895A3A09}.Release|Any CPU.Build.0 = Release|Any CPU
		{B1681BAD-9720-49C8-AA6F-DD9AADC0E143}.Debug|Any CPU.ActiveCfg = Debug|Any CPU
		{B1681BAD-9720-49C8-AA6F-DD9AADC0E143}.Debug|Any CPU.Build.0 = Debug|Any CPU
		{B1681BAD-9720-49C8-AA6F-DD9AADC0E143}.Release|Any CPU.ActiveCfg = Release|Any CPU
		{B1681BAD-9720-49C8-AA6F-DD9AADC0E143}.Release|Any CPU.Build.0 = Release|Any CPU
		{711CF2B9-8549-4CFE-9FAB-7AD773BBAAA9}.Debug|Any CPU.ActiveCfg = Debug|Any CPU
		{711CF2B9-8549-4CFE-9FAB-7AD773BBAAA9}.Debug|Any CPU.Build.0 = Debug|Any CPU
		{711CF2B9-8549-4CFE-9FAB-7AD773BBAAA9}.Release|Any CPU.ActiveCfg = Release|Any CPU
		{711CF2B9-8549-4CFE-9FAB-7AD773BBAAA9}.Release|Any CPU.Build.0 = Release|Any CPU
		{8F8450CD-2BD0-4E06-A656-F328E84B57A0}.Debug|Any CPU.ActiveCfg = Debug|Any CPU
		{8F8450CD-2BD0-4E06-A656-F328E84B57A0}.Debug|Any CPU.Build.0 = Debug|Any CPU
		{8F8450CD-2BD0-4E06-A656-F328E84B57A0}.Release|Any CPU.ActiveCfg = Release|Any CPU
		{8F8450CD-2BD0-4E06-A656-F328E84B57A0}.Release|Any CPU.Build.0 = Release|Any CPU
		{8C8469FB-58FA-4345-B88E-C52367291492}.Debug|Any CPU.ActiveCfg = Debug|Any CPU
		{8C8469FB-58FA-4345-B88E-C52367291492}.Debug|Any CPU.Build.0 = Debug|Any CPU
		{8C8469FB-58FA-4345-B88E-C52367291492}.Release|Any CPU.ActiveCfg = Release|Any CPU
		{8C8469FB-58FA-4345-B88E-C52367291492}.Release|Any CPU.Build.0 = Release|Any CPU
		{0C512098-9833-45F4-9DAE-7C86055ABD0B}.Debug|Any CPU.ActiveCfg = Debug|Any CPU
		{0C512098-9833-45F4-9DAE-7C86055ABD0B}.Debug|Any CPU.Build.0 = Debug|Any CPU
		{0C512098-9833-45F4-9DAE-7C86055ABD0B}.Release|Any CPU.ActiveCfg = Release|Any CPU
		{0C512098-9833-45F4-9DAE-7C86055ABD0B}.Release|Any CPU.Build.0 = Release|Any CPU
		{5D60AD79-6266-4800-AB7F-FC5FEDC076F8}.Debug|Any CPU.ActiveCfg = Debug|Any CPU
		{5D60AD79-6266-4800-AB7F-FC5FEDC076F8}.Debug|Any CPU.Build.0 = Debug|Any CPU
		{5D60AD79-6266-4800-AB7F-FC5FEDC076F8}.Release|Any CPU.ActiveCfg = Release|Any CPU
		{5D60AD79-6266-4800-AB7F-FC5FEDC076F8}.Release|Any CPU.Build.0 = Release|Any CPU
	EndGlobalSection
	GlobalSection(NestedProjects) = preSolution
		{DA094429-3BE0-4924-9B65-00ABC1627395} = {DB521FBE-9B99-4349-9736-6C3E6E418964}
		{D5E21893-9DC1-4F41-B752-EEF901EE3FEA} = {EA05C4AE-2D7E-4F1F-B112-64FB021BB3B9}
		{B1681BAD-9720-49C8-AA6F-DD9AADC0E143} = {EA05C4AE-2D7E-4F1F-B112-64FB021BB3B9}
		{37EE71A5-6F98-42E7-B92F-3E2B65C67850} = {EA05C4AE-2D7E-4F1F-B112-64FB021BB3B9}
		{9017D449-62AD-4E12-93CD-537BC56019E2} = {37EE71A5-6F98-42E7-B92F-3E2B65C67850}
		{B5194EC4-684C-42CC-B59A-EFDE404EAE8C} = {37EE71A5-6F98-42E7-B92F-3E2B65C67850}
		{6F5649B7-D7FB-4BF1-88E3-6759895A3A09} = {37EE71A5-6F98-42E7-B92F-3E2B65C67850}
		{711CF2B9-8549-4CFE-9FAB-7AD773BBAAA9} = {DB521FBE-9B99-4349-9736-6C3E6E418964}
		{8F8450CD-2BD0-4E06-A656-F328E84B57A0} = {EA05C4AE-2D7E-4F1F-B112-64FB021BB3B9}
		{8C8469FB-58FA-4345-B88E-C52367291492} = {0711BC73-F5AF-4D26-891B-4ADB0176AA6D}
		{0C512098-9833-45F4-9DAE-7C86055ABD0B} = {37EE71A5-6F98-42E7-B92F-3E2B65C67850}
		{5D60AD79-6266-4800-AB7F-FC5FEDC076F8} = {37EE71A5-6F98-42E7-B92F-3E2B65C67850}
	EndGlobalSection
EndGlobal
