
Microsoft Visual Studio Solution File, Format Version 12.00
Project("{FAE04EC0-301F-11D3-BF4B-00C04F79EFBC}") = "DM.Services.DataAccess", "Services\DM.Services.DataAccess\DM.Services.DataAccess.csproj", "{9017D449-62AD-4E12-93CD-537BC56019E2}"
EndProject
Project("{2150E333-8FDC-42A3-9474-1A3956D46DE8}") = "Services", "Services", "{EA05C4AE-2D7E-4F1F-B112-64FB021BB3B9}"
EndProject
Project("{2150E333-8FDC-42A3-9474-1A3956D46DE8}") = "Web", "Web", "{DB521FBE-9B99-4349-9736-6C3E6E418964}"
EndProject
Project("{FAE04EC0-301F-11D3-BF4B-00C04F79EFBC}") = "DM.Web.Core", "Web\DM.Web.Core\DM.Web.Core.csproj", "{DA094429-3BE0-4924-9B65-00ABC1627395}"
EndProject
Project("{FAE04EC0-301F-11D3-BF4B-00C04F79EFBC}") = "DM.Services.Core", "Services\DM.Services.Core\DM.Services.Core.csproj", "{B5194EC4-684C-42CC-B59A-EFDE404EAE8C}"
EndProject
Project("{FAE04EC0-301F-11D3-BF4B-00C04F79EFBC}") = "DM.Services.Common", "Services\DM.Services.Common\DM.Services.Common.csproj", "{D5E21893-9DC1-4F41-B752-EEF901EE3FEA}"
EndProject
Project("{FAE04EC0-301F-11D3-BF4B-00C04F79EFBC}") = "DM.Services.Authentication", "Services\DM.Services.Authentication\DM.Services.Authentication.csproj", "{6F5649B7-D7FB-4BF1-88E3-6759895A3A09}"
EndProject
Project("{FAE04EC0-301F-11D3-BF4B-00C04F79EFBC}") = "DM.Services.Forum", "Services\DM.Services.Forum\DM.Services.Forum.csproj", "{B1681BAD-9720-49C8-AA6F-DD9AADC0E143}"
EndProject
Project("{2150E333-8FDC-42A3-9474-1A3956D46DE8}") = "Core", "Core", "{37EE71A5-6F98-42E7-B92F-3E2B65C67850}"
EndProject
Project("{FAE04EC0-301F-11D3-BF4B-00C04F79EFBC}") = "DM.Web.API", "Web\DM.Web.API\DM.Web.API.csproj", "{711CF2B9-8549-4CFE-9FAB-7AD773BBAAA9}"
EndProject
Project("{FAE04EC0-301F-11D3-BF4B-00C04F79EFBC}") = "DM.Services.Community", "Services\DM.Services.Community\DM.Services.Community.csproj", "{8F8450CD-2BD0-4E06-A656-F328E84B57A0}"
EndProject
Project("{2150E333-8FDC-42A3-9474-1A3956D46DE8}") = "Tests", "Tests", "{0711BC73-F5AF-4D26-891B-4ADB0176AA6D}"
EndProject
Project("{FAE04EC0-301F-11D3-BF4B-00C04F79EFBC}") = "DM.Tests.Core", "Tests\DM.Tests.Core\DM.Tests.Core.csproj", "{8C8469FB-58FA-4345-B88E-C52367291492}"
EndProject
Project("{FAE04EC0-301F-11D3-BF4B-00C04F79EFBC}") = "DM.Services.Authentication.Tests", "Services\DM.Services.Authentication.Tests\DM.Services.Authentication.Tests.csproj", "{0C512098-9833-45F4-9DAE-7C86055ABD0B}"
EndProject
Project("{FAE04EC0-301F-11D3-BF4B-00C04F79EFBC}") = "DM.Services.Core.Tests", "Services\DM.Services.Core.Tests\DM.Services.Core.Tests.csproj", "{5D60AD79-6266-4800-AB7F-FC5FEDC076F8}"
EndProject
Project("{FAE04EC0-301F-11D3-BF4B-00C04F79EFBC}") = "DM.Services.MessageQueuing", "Services\DM.Services.MessageQueuing\DM.Services.MessageQueuing.csproj", "{5ED59159-EA4D-4AE8-A825-F6413B3003E1}"
EndProject
Project("{FAE04EC0-301F-11D3-BF4B-00C04F79EFBC}") = "DM.Services.Search", "Services\DM.Services.Search\DM.Services.Search.csproj", "{A6BEBF4E-D244-491F-AC6A-F22E7572FAC8}"
EndProject
Project("{FAE04EC0-301F-11D3-BF4B-00C04F79EFBC}") = "DM.Services.MessageQueuing.Tests", "Services\DM.Services.MessageQueuing.Tests\DM.Services.MessageQueuing.Tests.csproj", "{61EDA942-CFBE-41C9-B9D8-AB40EE6E3EEE}"
EndProject
Project("{FAE04EC0-301F-11D3-BF4B-00C04F79EFBC}") = "DM.Services.Common.Tests", "Services\DM.Services.Common.Tests\DM.Services.Common.Tests.csproj", "{5BC37BF7-C00E-4E86-83A7-9F1A9ACA0303}"
EndProject
Project("{FAE04EC0-301F-11D3-BF4B-00C04F79EFBC}") = "DM.Services.Forum.Tests", "Services\DM.Services.Forum.Tests\DM.Services.Forum.Tests.csproj", "{909DF056-9C0D-4B2D-9BBB-1869D9AF2E2C}"
EndProject
Project("{2150E333-8FDC-42A3-9474-1A3956D46DE8}") = "MessageQueuing", "MessageQueuing", "{28709B36-C22C-4EB9-906F-19CDCC769338}"
EndProject
Project("{2150E333-8FDC-42A3-9474-1A3956D46DE8}") = "Mail", "Mail", "{6DD9DA97-AAFF-46D4-9313-367998B98CF9}"
EndProject
Project("{FAE04EC0-301F-11D3-BF4B-00C04F79EFBC}") = "DM.Services.Mail.Sender", "Services\DM.Services.Mail.Sender\DM.Services.Mail.Sender.csproj", "{52D500B5-5A00-43B7-91B8-5EE9373287BB}"
EndProject
Project("{FAE04EC0-301F-11D3-BF4B-00C04F79EFBC}") = "DM.Services.Mail.Sender.Consumer", "Services\DM.Services.Mail.Sender.Consumer\DM.Services.Mail.Sender.Consumer.csproj", "{1B8F76F9-FBAD-424C-BBE2-7CCDF3D6F4CD}"
EndProject
Project("{2150E333-8FDC-42A3-9474-1A3956D46DE8}") = "Community", "Community", "{755C13DD-F19B-450A-BC2D-5C195545DCE8}"
EndProject
Project("{2150E333-8FDC-42A3-9474-1A3956D46DE8}") = "Authentication", "Authentication", "{2672341A-1DFD-4FDF-8D36-BFF07177C7DB}"
EndProject
Project("{2150E333-8FDC-42A3-9474-1A3956D46DE8}") = "Forum", "Forum", "{74044CFF-FF4E-4604-AB39-018D19914357}"
EndProject
Project("{2150E333-8FDC-42A3-9474-1A3956D46DE8}") = "SearchEngine", "SearchEngine", "{C07E65EC-095D-40E8-A029-8702F601DCAC}"
EndProject
Project("{2150E333-8FDC-42A3-9474-1A3956D46DE8}") = "Common", "Common", "{07B7561F-5EB2-4573-8D15-866F3CFD0468}"
EndProject
Project("{2150E333-8FDC-42A3-9474-1A3956D46DE8}") = "Notification", "Notification", "{78A85DB2-A835-4301-9D9A-476A5FDB146B}"
EndProject
Project("{FAE04EC0-301F-11D3-BF4B-00C04F79EFBC}") = "DM.Services.Notifications", "Services\DM.Services.Notifications\DM.Services.Notifications.csproj", "{AB9B7B12-207B-498E-B61B-0E8F2DEE0CFF}"
EndProject
Project("{FAE04EC0-301F-11D3-BF4B-00C04F79EFBC}") = "DM.Services.Notifications.Consumer", "Services\DM.Services.Notifications.Consumer\DM.Services.Notifications.Consumer.csproj", "{58F729C9-AB1D-4E8E-B105-C4EDC9719F8C}"
EndProject
Project("{FAE04EC0-301F-11D3-BF4B-00C04F79EFBC}") = "DM.Services.Community.Tests", "Services\DM.Services.Community.Tests\DM.Services.Community.Tests.csproj", "{E14EECF8-11F8-44E0-909D-6EFE8E68A6D8}"
EndProject
Project("{FAE04EC0-301F-11D3-BF4B-00C04F79EFBC}") = "DM.Web.Classic", "Web\DM.Web.Classic\DM.Web.Classic.csproj", "{A61552BC-2631-4E80-9ECB-5F9412240447}"
EndProject
Project("{2150E333-8FDC-42A3-9474-1A3956D46DE8}") = "Gaming", "Gaming", "{152855A4-4364-48C3-AB0A-D6822D6A8F3D}"
EndProject
Project("{FAE04EC0-301F-11D3-BF4B-00C04F79EFBC}") = "DM.Services.Gaming", "Services\DM.Services.Gaming\DM.Services.Gaming.csproj", "{D0CFCABE-1F5E-4204-B30C-F8F464196AB3}"
EndProject
Project("{FAE04EC0-301F-11D3-BF4B-00C04F79EFBC}") = "DM.Services.Gaming.Tests", "Services\DM.Services.Gaming.Tests\DM.Services.Gaming.Tests.csproj", "{85DF5B28-C255-4104-ACC5-695994C18C9D}"
EndProject
Project("{FAE04EC0-301F-11D3-BF4B-00C04F79EFBC}") = "DM.Services.Search.Consumer", "Services\DM.Services.Search.Consumer\DM.Services.Search.Consumer.csproj", "{9DCB9229-7A68-4E6C-BA29-AACDFF0DD19D}"
EndProject
Project("{FAE04EC0-301F-11D3-BF4B-00C04F79EFBC}") = "DM.Services.Mail.Rendering", "Services\DM.Services.Mail.Rendering\DM.Services.Mail.Rendering.csproj", "{E37CAA45-56E9-410E-BC57-98D2B4C92828}"
EndProject
Global
	GlobalSection(SolutionConfigurationPlatforms) = preSolution
		Debug|Any CPU = Debug|Any CPU
		Release|Any CPU = Release|Any CPU
	EndGlobalSection
	GlobalSection(ProjectConfigurationPlatforms) = postSolution
		{9017D449-62AD-4E12-93CD-537BC56019E2}.Debug|Any CPU.ActiveCfg = Debug|Any CPU
		{9017D449-62AD-4E12-93CD-537BC56019E2}.Debug|Any CPU.Build.0 = Debug|Any CPU
		{9017D449-62AD-4E12-93CD-537BC56019E2}.Release|Any CPU.ActiveCfg = Release|Any CPU
		{9017D449-62AD-4E12-93CD-537BC56019E2}.Release|Any CPU.Build.0 = Release|Any CPU
		{DA094429-3BE0-4924-9B65-00ABC1627395}.Debug|Any CPU.ActiveCfg = Debug|Any CPU
		{DA094429-3BE0-4924-9B65-00ABC1627395}.Debug|Any CPU.Build.0 = Debug|Any CPU
		{DA094429-3BE0-4924-9B65-00ABC1627395}.Release|Any CPU.ActiveCfg = Release|Any CPU
		{DA094429-3BE0-4924-9B65-00ABC1627395}.Release|Any CPU.Build.0 = Release|Any CPU
		{B5194EC4-684C-42CC-B59A-EFDE404EAE8C}.Debug|Any CPU.ActiveCfg = Debug|Any CPU
		{B5194EC4-684C-42CC-B59A-EFDE404EAE8C}.Debug|Any CPU.Build.0 = Debug|Any CPU
		{B5194EC4-684C-42CC-B59A-EFDE404EAE8C}.Release|Any CPU.ActiveCfg = Release|Any CPU
		{B5194EC4-684C-42CC-B59A-EFDE404EAE8C}.Release|Any CPU.Build.0 = Release|Any CPU
		{D5E21893-9DC1-4F41-B752-EEF901EE3FEA}.Debug|Any CPU.ActiveCfg = Debug|Any CPU
		{D5E21893-9DC1-4F41-B752-EEF901EE3FEA}.Debug|Any CPU.Build.0 = Debug|Any CPU
		{D5E21893-9DC1-4F41-B752-EEF901EE3FEA}.Release|Any CPU.ActiveCfg = Release|Any CPU
		{D5E21893-9DC1-4F41-B752-EEF901EE3FEA}.Release|Any CPU.Build.0 = Release|Any CPU
		{6F5649B7-D7FB-4BF1-88E3-6759895A3A09}.Debug|Any CPU.ActiveCfg = Debug|Any CPU
		{6F5649B7-D7FB-4BF1-88E3-6759895A3A09}.Debug|Any CPU.Build.0 = Debug|Any CPU
		{6F5649B7-D7FB-4BF1-88E3-6759895A3A09}.Release|Any CPU.ActiveCfg = Release|Any CPU
		{6F5649B7-D7FB-4BF1-88E3-6759895A3A09}.Release|Any CPU.Build.0 = Release|Any CPU
		{B1681BAD-9720-49C8-AA6F-DD9AADC0E143}.Debug|Any CPU.ActiveCfg = Debug|Any CPU
		{B1681BAD-9720-49C8-AA6F-DD9AADC0E143}.Debug|Any CPU.Build.0 = Debug|Any CPU
		{B1681BAD-9720-49C8-AA6F-DD9AADC0E143}.Release|Any CPU.ActiveCfg = Release|Any CPU
		{B1681BAD-9720-49C8-AA6F-DD9AADC0E143}.Release|Any CPU.Build.0 = Release|Any CPU
		{711CF2B9-8549-4CFE-9FAB-7AD773BBAAA9}.Debug|Any CPU.ActiveCfg = Debug|Any CPU
		{711CF2B9-8549-4CFE-9FAB-7AD773BBAAA9}.Debug|Any CPU.Build.0 = Debug|Any CPU
		{711CF2B9-8549-4CFE-9FAB-7AD773BBAAA9}.Release|Any CPU.ActiveCfg = Release|Any CPU
		{711CF2B9-8549-4CFE-9FAB-7AD773BBAAA9}.Release|Any CPU.Build.0 = Release|Any CPU
		{8F8450CD-2BD0-4E06-A656-F328E84B57A0}.Debug|Any CPU.ActiveCfg = Debug|Any CPU
		{8F8450CD-2BD0-4E06-A656-F328E84B57A0}.Debug|Any CPU.Build.0 = Debug|Any CPU
		{8F8450CD-2BD0-4E06-A656-F328E84B57A0}.Release|Any CPU.ActiveCfg = Release|Any CPU
		{8F8450CD-2BD0-4E06-A656-F328E84B57A0}.Release|Any CPU.Build.0 = Release|Any CPU
		{8C8469FB-58FA-4345-B88E-C52367291492}.Debug|Any CPU.ActiveCfg = Debug|Any CPU
		{8C8469FB-58FA-4345-B88E-C52367291492}.Debug|Any CPU.Build.0 = Debug|Any CPU
		{8C8469FB-58FA-4345-B88E-C52367291492}.Release|Any CPU.ActiveCfg = Release|Any CPU
		{8C8469FB-58FA-4345-B88E-C52367291492}.Release|Any CPU.Build.0 = Release|Any CPU
		{0C512098-9833-45F4-9DAE-7C86055ABD0B}.Debug|Any CPU.ActiveCfg = Debug|Any CPU
		{0C512098-9833-45F4-9DAE-7C86055ABD0B}.Debug|Any CPU.Build.0 = Debug|Any CPU
		{0C512098-9833-45F4-9DAE-7C86055ABD0B}.Release|Any CPU.ActiveCfg = Release|Any CPU
		{0C512098-9833-45F4-9DAE-7C86055ABD0B}.Release|Any CPU.Build.0 = Release|Any CPU
		{5D60AD79-6266-4800-AB7F-FC5FEDC076F8}.Debug|Any CPU.ActiveCfg = Debug|Any CPU
		{5D60AD79-6266-4800-AB7F-FC5FEDC076F8}.Debug|Any CPU.Build.0 = Debug|Any CPU
		{5D60AD79-6266-4800-AB7F-FC5FEDC076F8}.Release|Any CPU.ActiveCfg = Release|Any CPU
		{5D60AD79-6266-4800-AB7F-FC5FEDC076F8}.Release|Any CPU.Build.0 = Release|Any CPU
		{5ED59159-EA4D-4AE8-A825-F6413B3003E1}.Debug|Any CPU.ActiveCfg = Debug|Any CPU
		{5ED59159-EA4D-4AE8-A825-F6413B3003E1}.Debug|Any CPU.Build.0 = Debug|Any CPU
		{5ED59159-EA4D-4AE8-A825-F6413B3003E1}.Release|Any CPU.ActiveCfg = Release|Any CPU
		{5ED59159-EA4D-4AE8-A825-F6413B3003E1}.Release|Any CPU.Build.0 = Release|Any CPU
		{A6BEBF4E-D244-491F-AC6A-F22E7572FAC8}.Debug|Any CPU.ActiveCfg = Debug|Any CPU
		{A6BEBF4E-D244-491F-AC6A-F22E7572FAC8}.Debug|Any CPU.Build.0 = Debug|Any CPU
		{A6BEBF4E-D244-491F-AC6A-F22E7572FAC8}.Release|Any CPU.ActiveCfg = Release|Any CPU
		{A6BEBF4E-D244-491F-AC6A-F22E7572FAC8}.Release|Any CPU.Build.0 = Release|Any CPU
		{61EDA942-CFBE-41C9-B9D8-AB40EE6E3EEE}.Debug|Any CPU.ActiveCfg = Debug|Any CPU
		{61EDA942-CFBE-41C9-B9D8-AB40EE6E3EEE}.Debug|Any CPU.Build.0 = Debug|Any CPU
		{61EDA942-CFBE-41C9-B9D8-AB40EE6E3EEE}.Release|Any CPU.ActiveCfg = Release|Any CPU
		{61EDA942-CFBE-41C9-B9D8-AB40EE6E3EEE}.Release|Any CPU.Build.0 = Release|Any CPU
		{5BC37BF7-C00E-4E86-83A7-9F1A9ACA0303}.Debug|Any CPU.ActiveCfg = Debug|Any CPU
		{5BC37BF7-C00E-4E86-83A7-9F1A9ACA0303}.Debug|Any CPU.Build.0 = Debug|Any CPU
		{5BC37BF7-C00E-4E86-83A7-9F1A9ACA0303}.Release|Any CPU.ActiveCfg = Release|Any CPU
		{5BC37BF7-C00E-4E86-83A7-9F1A9ACA0303}.Release|Any CPU.Build.0 = Release|Any CPU
		{909DF056-9C0D-4B2D-9BBB-1869D9AF2E2C}.Debug|Any CPU.ActiveCfg = Debug|Any CPU
		{909DF056-9C0D-4B2D-9BBB-1869D9AF2E2C}.Debug|Any CPU.Build.0 = Debug|Any CPU
		{909DF056-9C0D-4B2D-9BBB-1869D9AF2E2C}.Release|Any CPU.ActiveCfg = Release|Any CPU
		{909DF056-9C0D-4B2D-9BBB-1869D9AF2E2C}.Release|Any CPU.Build.0 = Release|Any CPU
		{52D500B5-5A00-43B7-91B8-5EE9373287BB}.Debug|Any CPU.ActiveCfg = Debug|Any CPU
		{52D500B5-5A00-43B7-91B8-5EE9373287BB}.Debug|Any CPU.Build.0 = Debug|Any CPU
		{52D500B5-5A00-43B7-91B8-5EE9373287BB}.Release|Any CPU.ActiveCfg = Release|Any CPU
		{52D500B5-5A00-43B7-91B8-5EE9373287BB}.Release|Any CPU.Build.0 = Release|Any CPU
		{1B8F76F9-FBAD-424C-BBE2-7CCDF3D6F4CD}.Debug|Any CPU.ActiveCfg = Debug|Any CPU
		{1B8F76F9-FBAD-424C-BBE2-7CCDF3D6F4CD}.Debug|Any CPU.Build.0 = Debug|Any CPU
		{1B8F76F9-FBAD-424C-BBE2-7CCDF3D6F4CD}.Release|Any CPU.ActiveCfg = Release|Any CPU
		{1B8F76F9-FBAD-424C-BBE2-7CCDF3D6F4CD}.Release|Any CPU.Build.0 = Release|Any CPU
		{AB9B7B12-207B-498E-B61B-0E8F2DEE0CFF}.Debug|Any CPU.ActiveCfg = Debug|Any CPU
		{AB9B7B12-207B-498E-B61B-0E8F2DEE0CFF}.Debug|Any CPU.Build.0 = Debug|Any CPU
		{AB9B7B12-207B-498E-B61B-0E8F2DEE0CFF}.Release|Any CPU.ActiveCfg = Release|Any CPU
		{AB9B7B12-207B-498E-B61B-0E8F2DEE0CFF}.Release|Any CPU.Build.0 = Release|Any CPU
		{58F729C9-AB1D-4E8E-B105-C4EDC9719F8C}.Debug|Any CPU.ActiveCfg = Debug|Any CPU
		{58F729C9-AB1D-4E8E-B105-C4EDC9719F8C}.Debug|Any CPU.Build.0 = Debug|Any CPU
		{58F729C9-AB1D-4E8E-B105-C4EDC9719F8C}.Release|Any CPU.ActiveCfg = Release|Any CPU
		{58F729C9-AB1D-4E8E-B105-C4EDC9719F8C}.Release|Any CPU.Build.0 = Release|Any CPU
		{E14EECF8-11F8-44E0-909D-6EFE8E68A6D8}.Debug|Any CPU.ActiveCfg = Debug|Any CPU
		{E14EECF8-11F8-44E0-909D-6EFE8E68A6D8}.Debug|Any CPU.Build.0 = Debug|Any CPU
		{E14EECF8-11F8-44E0-909D-6EFE8E68A6D8}.Release|Any CPU.ActiveCfg = Release|Any CPU
		{E14EECF8-11F8-44E0-909D-6EFE8E68A6D8}.Release|Any CPU.Build.0 = Release|Any CPU
		{A61552BC-2631-4E80-9ECB-5F9412240447}.Debug|Any CPU.ActiveCfg = Debug|Any CPU
		{A61552BC-2631-4E80-9ECB-5F9412240447}.Debug|Any CPU.Build.0 = Debug|Any CPU
		{A61552BC-2631-4E80-9ECB-5F9412240447}.Release|Any CPU.ActiveCfg = Release|Any CPU
		{A61552BC-2631-4E80-9ECB-5F9412240447}.Release|Any CPU.Build.0 = Release|Any CPU
		{D0CFCABE-1F5E-4204-B30C-F8F464196AB3}.Debug|Any CPU.ActiveCfg = Debug|Any CPU
		{D0CFCABE-1F5E-4204-B30C-F8F464196AB3}.Debug|Any CPU.Build.0 = Debug|Any CPU
		{D0CFCABE-1F5E-4204-B30C-F8F464196AB3}.Release|Any CPU.ActiveCfg = Release|Any CPU
		{D0CFCABE-1F5E-4204-B30C-F8F464196AB3}.Release|Any CPU.Build.0 = Release|Any CPU
		{85DF5B28-C255-4104-ACC5-695994C18C9D}.Debug|Any CPU.ActiveCfg = Debug|Any CPU
		{85DF5B28-C255-4104-ACC5-695994C18C9D}.Debug|Any CPU.Build.0 = Debug|Any CPU
		{85DF5B28-C255-4104-ACC5-695994C18C9D}.Release|Any CPU.ActiveCfg = Release|Any CPU
		{85DF5B28-C255-4104-ACC5-695994C18C9D}.Release|Any CPU.Build.0 = Release|Any CPU
		{9DCB9229-7A68-4E6C-BA29-AACDFF0DD19D}.Debug|Any CPU.ActiveCfg = Debug|Any CPU
		{9DCB9229-7A68-4E6C-BA29-AACDFF0DD19D}.Debug|Any CPU.Build.0 = Debug|Any CPU
		{9DCB9229-7A68-4E6C-BA29-AACDFF0DD19D}.Release|Any CPU.ActiveCfg = Release|Any CPU
		{9DCB9229-7A68-4E6C-BA29-AACDFF0DD19D}.Release|Any CPU.Build.0 = Release|Any CPU
		{E37CAA45-56E9-410E-BC57-98D2B4C92828}.Debug|Any CPU.ActiveCfg = Debug|Any CPU
		{E37CAA45-56E9-410E-BC57-98D2B4C92828}.Debug|Any CPU.Build.0 = Debug|Any CPU
		{E37CAA45-56E9-410E-BC57-98D2B4C92828}.Release|Any CPU.ActiveCfg = Release|Any CPU
		{E37CAA45-56E9-410E-BC57-98D2B4C92828}.Release|Any CPU.Build.0 = Release|Any CPU
	EndGlobalSection
	GlobalSection(NestedProjects) = preSolution
		{DA094429-3BE0-4924-9B65-00ABC1627395} = {DB521FBE-9B99-4349-9736-6C3E6E418964}
		{37EE71A5-6F98-42E7-B92F-3E2B65C67850} = {EA05C4AE-2D7E-4F1F-B112-64FB021BB3B9}
		{9017D449-62AD-4E12-93CD-537BC56019E2} = {37EE71A5-6F98-42E7-B92F-3E2B65C67850}
		{B5194EC4-684C-42CC-B59A-EFDE404EAE8C} = {37EE71A5-6F98-42E7-B92F-3E2B65C67850}
		{711CF2B9-8549-4CFE-9FAB-7AD773BBAAA9} = {DB521FBE-9B99-4349-9736-6C3E6E418964}
		{8C8469FB-58FA-4345-B88E-C52367291492} = {0711BC73-F5AF-4D26-891B-4ADB0176AA6D}
		{5D60AD79-6266-4800-AB7F-FC5FEDC076F8} = {37EE71A5-6F98-42E7-B92F-3E2B65C67850}
		{28709B36-C22C-4EB9-906F-19CDCC769338} = {37EE71A5-6F98-42E7-B92F-3E2B65C67850}
		{5ED59159-EA4D-4AE8-A825-F6413B3003E1} = {28709B36-C22C-4EB9-906F-19CDCC769338}
		{61EDA942-CFBE-41C9-B9D8-AB40EE6E3EEE} = {28709B36-C22C-4EB9-906F-19CDCC769338}
		{6DD9DA97-AAFF-46D4-9313-367998B98CF9} = {37EE71A5-6F98-42E7-B92F-3E2B65C67850}
		{52D500B5-5A00-43B7-91B8-5EE9373287BB} = {6DD9DA97-AAFF-46D4-9313-367998B98CF9}
		{1B8F76F9-FBAD-424C-BBE2-7CCDF3D6F4CD} = {6DD9DA97-AAFF-46D4-9313-367998B98CF9}
		{755C13DD-F19B-450A-BC2D-5C195545DCE8} = {EA05C4AE-2D7E-4F1F-B112-64FB021BB3B9}
		{8F8450CD-2BD0-4E06-A656-F328E84B57A0} = {755C13DD-F19B-450A-BC2D-5C195545DCE8}
		{2672341A-1DFD-4FDF-8D36-BFF07177C7DB} = {EA05C4AE-2D7E-4F1F-B112-64FB021BB3B9}
		{6F5649B7-D7FB-4BF1-88E3-6759895A3A09} = {2672341A-1DFD-4FDF-8D36-BFF07177C7DB}
		{0C512098-9833-45F4-9DAE-7C86055ABD0B} = {2672341A-1DFD-4FDF-8D36-BFF07177C7DB}
		{74044CFF-FF4E-4604-AB39-018D19914357} = {EA05C4AE-2D7E-4F1F-B112-64FB021BB3B9}
		{B1681BAD-9720-49C8-AA6F-DD9AADC0E143} = {74044CFF-FF4E-4604-AB39-018D19914357}
		{909DF056-9C0D-4B2D-9BBB-1869D9AF2E2C} = {74044CFF-FF4E-4604-AB39-018D19914357}
		{C07E65EC-095D-40E8-A029-8702F601DCAC} = {EA05C4AE-2D7E-4F1F-B112-64FB021BB3B9}
		{A6BEBF4E-D244-491F-AC6A-F22E7572FAC8} = {C07E65EC-095D-40E8-A029-8702F601DCAC}
		{07B7561F-5EB2-4573-8D15-866F3CFD0468} = {EA05C4AE-2D7E-4F1F-B112-64FB021BB3B9}
		{D5E21893-9DC1-4F41-B752-EEF901EE3FEA} = {07B7561F-5EB2-4573-8D15-866F3CFD0468}
		{5BC37BF7-C00E-4E86-83A7-9F1A9ACA0303} = {07B7561F-5EB2-4573-8D15-866F3CFD0468}
		{78A85DB2-A835-4301-9D9A-476A5FDB146B} = {EA05C4AE-2D7E-4F1F-B112-64FB021BB3B9}
		{AB9B7B12-207B-498E-B61B-0E8F2DEE0CFF} = {78A85DB2-A835-4301-9D9A-476A5FDB146B}
		{58F729C9-AB1D-4E8E-B105-C4EDC9719F8C} = {78A85DB2-A835-4301-9D9A-476A5FDB146B}
		{E14EECF8-11F8-44E0-909D-6EFE8E68A6D8} = {755C13DD-F19B-450A-BC2D-5C195545DCE8}
		{A61552BC-2631-4E80-9ECB-5F9412240447} = {DB521FBE-9B99-4349-9736-6C3E6E418964}
		{152855A4-4364-48C3-AB0A-D6822D6A8F3D} = {EA05C4AE-2D7E-4F1F-B112-64FB021BB3B9}
		{D0CFCABE-1F5E-4204-B30C-F8F464196AB3} = {152855A4-4364-48C3-AB0A-D6822D6A8F3D}
		{85DF5B28-C255-4104-ACC5-695994C18C9D} = {152855A4-4364-48C3-AB0A-D6822D6A8F3D}
		{9DCB9229-7A68-4E6C-BA29-AACDFF0DD19D} = {C07E65EC-095D-40E8-A029-8702F601DCAC}
		{E37CAA45-56E9-410E-BC57-98D2B4C92828} = {6DD9DA97-AAFF-46D4-9313-367998B98CF9}
	EndGlobalSection
EndGlobal
